
Microsoft Visual Studio Solution File, Format Version 12.00
# Visual Studio Version 16
VisualStudioVersion = 16.0.30611.23
MinimumVisualStudioVersion = 10.0.40219.1
Project("{FAE04EC0-301F-11D3-BF4B-00C04F79EFBC}") = "AdventOfCode_1", "AdventOfCode_1\AdventOfCode_1.csproj", "{4A7B9CF1-14CC-4781-B223-C05EC69C6FAC}"
EndProject
Global
	GlobalSection(SolutionConfigurationPlatforms) = preSolution
		Debug|Any CPU = Debug|Any CPU
		Release|Any CPU = Release|Any CPU
	EndGlobalSection
	GlobalSection(ProjectConfigurationPlatforms) = postSolution
		{4A7B9CF1-14CC-4781-B223-C05EC69C6FAC}.Debug|Any CPU.ActiveCfg = Debug|Any CPU
		{4A7B9CF1-14CC-4781-B223-C05EC69C6FAC}.Debug|Any CPU.Build.0 = Debug|Any CPU
		{4A7B9CF1-14CC-4781-B223-C05EC69C6FAC}.Release|Any CPU.ActiveCfg = Release|Any CPU
		{4A7B9CF1-14CC-4781-B223-C05EC69C6FAC}.Release|Any CPU.Build.0 = Release|Any CPU
	EndGlobalSection
	GlobalSection(SolutionProperties) = preSolution
		HideSolutionNode = FALSE
	EndGlobalSection
	GlobalSection(ExtensibilityGlobals) = postSolution
		SolutionGuid = {85196448-DB17-4D49-9248-38C828037632}
	EndGlobalSection
EndGlobal
